[package]
name = nhope
cmake = 3.18.5
bastard = 0.8.8

[dependencies]
gtest = { git = "git@gitlab.olimp.lan:google/googletest.git", rev = "8ffb7e5c" }
asio = { git = "git@gitlab.olimp.lan:github/standalone-asio.git", rev = "b84e6c16", interface = "asio/include" }
gsl = { git = "git@gitlab.olimp.lan:github/gsl.git", rev = "0f6dbc9", interface = "include" }
fmt = { git = "git@gitlab.olimp.lan:github/fmtlib.git", rev = "7bdf0628" }

