[package]
name = nhope
cmake = 3.18.5
bastard = 0.13.1

[dependencies]
asio = { git = "git@gitlab.olimp.lan:github/standalone-asio.git", rev = "a4d820dd", interface = "asio/include" }
gsl = { git = "git@gitlab.olimp.lan:github/gsl.git", rev = "0f6dbc9", interface = "include" }
fmt = { git = "git@gitlab.olimp.lan:github/fmtlib.git", rev = "7bdf0628" }

[dev-dependencies]
gtest = { git = "git@gitlab.olimp.lan:google/googletest.git", rev = "a3460d1a" }

